// !$*UTF8*$!
{
	archiveVersion = 1;
	classes = {
	};
	objectVersion = 56;
	objects = {

/* Begin PBXBuildFile section */
		547B51CD2B98A99200DF92CA /* swift_CameraCapture_InferenceApp.swift in Sources */ = {isa = PBXBuildFile; fileRef = 547B51CC2B98A99200DF92CA /* swift_CameraCapture_InferenceApp.swift */; };
		547B51CF2B98A99200DF92CA /* ContentView.swift in Sources */ = {isa = PBXBuildFile; fileRef = 547B51CE2B98A99200DF92CA /* ContentView.swift */; };
		547B51D12B98A99300DF92CA /* Assets.xcassets in Resources */ = {isa = PBXBuildFile; fileRef = 547B51D02B98A99300DF92CA /* Assets.xcassets */; };
		547B51D42B98A99300DF92CA /* Preview Assets.xcassets in Resources */ = {isa = PBXBuildFile; fileRef = 547B51D32B98A99300DF92CA /* Preview Assets.xcassets */; };
		547B51DF2B98ABB800DF92CA /* FrameHandler.swift in Sources */ = {isa = PBXBuildFile; fileRef = 547B51DE2B98ABB800DF92CA /* FrameHandler.swift */; };
		547B51E12B98ABC500DF92CA /* FrameView.swift in Sources */ = {isa = PBXBuildFile; fileRef = 547B51E02B98ABC500DF92CA /* FrameView.swift */; };
		547B51E62B98AC9F00DF92CA /* CameraView.swift in Sources */ = {isa = PBXBuildFile; fileRef = 547B51E52B98AC9F00DF92CA /* CameraView.swift */; };
/* End PBXBuildFile section */

/* Begin PBXFileReference section */
		547B51C92B98A99200DF92CA /* swift+CameraCapture+Inference.app */ = {isa = PBXFileReference; explicitFileType = wrapper.application; includeInIndex = 0; path = "swift+CameraCapture+Inference.app"; sourceTree = BUILT_PRODUCTS_DIR; };
		547B51CC2B98A99200DF92CA /* swift_CameraCapture_InferenceApp.swift */ = {isa = PBXFileReference; lastKnownFileType = sourcecode.swift; path = swift_CameraCapture_InferenceApp.swift; sourceTree = "<group>"; };
		547B51CE2B98A99200DF92CA /* ContentView.swift */ = {isa = PBXFileReference; lastKnownFileType = sourcecode.swift; path = ContentView.swift; sourceTree = "<group>"; };
		547B51D02B98A99300DF92CA /* Assets.xcassets */ = {isa = PBXFileReference; lastKnownFileType = folder.assetcatalog; path = Assets.xcassets; sourceTree = "<group>"; };
		547B51D32B98A99300DF92CA /* Preview Assets.xcassets */ = {isa = PBXFileReference; lastKnownFileType = folder.assetcatalog; path = "Preview Assets.xcassets"; sourceTree = "<group>"; };
		547B51DA2B98AA8900DF92CA /* README.md */ = {isa = PBXFileReference; lastKnownFileType = net.daringfireball.markdown; path = README.md; sourceTree = "<group>"; };
		547B51DB2B98AB5F00DF92CA /* .gitignore */ = {isa = PBXFileReference; lastKnownFileType = text; path = .gitignore; sourceTree = "<group>"; };
		547B51DE2B98ABB800DF92CA /* FrameHandler.swift */ = {isa = PBXFileReference; fileEncoding = 4; lastKnownFileType = sourcecode.swift; path = FrameHandler.swift; sourceTree = "<group>"; };
		547B51E02B98ABC500DF92CA /* FrameView.swift */ = {isa = PBXFileReference; fileEncoding = 4; lastKnownFileType = sourcecode.swift; path = FrameView.swift; sourceTree = "<group>"; };
		547B51E52B98AC9F00DF92CA /* CameraView.swift */ = {isa = PBXFileReference; lastKnownFileType = sourcecode.swift; path = CameraView.swift; sourceTree = "<group>"; };
/* End PBXFileReference section */

/* Begin PBXFrameworksBuildPhase section */
		547B51C62B98A99200DF92CA /* Frameworks */ = {
			isa = PBXFrameworksBuildPhase;
			buildActionMask = 2147483647;
			files = (
			);
			runOnlyForDeploymentPostprocessing = 0;
		};
/* End PBXFrameworksBuildPhase section */

/* Begin PBXGroup section */
		547B51C02B98A99200DF92CA = {
			isa = PBXGroup;
			children = (
				547B51DA2B98AA8900DF92CA /* README.md */,
				547B51DB2B98AB5F00DF92CA /* .gitignore */,
				547B51CB2B98A99200DF92CA /* swift+CameraCapture+Inference */,
				547B51CA2B98A99200DF92CA /* Products */,
			);
			sourceTree = "<group>";
		};
		547B51CA2B98A99200DF92CA /* Products */ = {
			isa = PBXGroup;
			children = (
				547B51C92B98A99200DF92CA /* swift+CameraCapture+Inference.app */,
			);
			name = Products;
			sourceTree = "<group>";
		};
		547B51CB2B98A99200DF92CA /* swift+CameraCapture+Inference */ = {
			isa = PBXGroup;
			children = (
				547B51DD2B98AB7D00DF92CA /* Inference */,
				547B51DC2B98AB7300DF92CA /* Camera */,
				547B51CC2B98A99200DF92CA /* swift_CameraCapture_InferenceApp.swift */,
				547B51CE2B98A99200DF92CA /* ContentView.swift */,
				547B51D02B98A99300DF92CA /* Assets.xcassets */,
				547B51D22B98A99300DF92CA /* Preview Content */,
			);
			path = "swift+CameraCapture+Inference";
			sourceTree = "<group>";
		};
		547B51D22B98A99300DF92CA /* Preview Content */ = {
			isa = PBXGroup;
			children = (
				547B51D32B98A99300DF92CA /* Preview Assets.xcassets */,
			);
			path = "Preview Content";
			sourceTree = "<group>";
		};
		547B51DC2B98AB7300DF92CA /* Camera */ = {
			isa = PBXGroup;
			children = (
				547B51E42B98ABF300DF92CA /* Models */,
				547B51E32B98ABE700DF92CA /* ViewModels */,
				547B51E22B98ABDF00DF92CA /* Views */,
			);
			path = Camera;
			sourceTree = "<group>";
		};
		547B51DD2B98AB7D00DF92CA /* Inference */ = {
			isa = PBXGroup;
			children = (
			);
			path = Inference;
			sourceTree = "<group>";
		};
		547B51E22B98ABDF00DF92CA /* Views */ = {
			isa = PBXGroup;
			children = (
				547B51E02B98ABC500DF92CA /* FrameView.swift */,
				547B51E52B98AC9F00DF92CA /* CameraView.swift */,
			);
			path = Views;
			sourceTree = "<group>";
		};
		547B51E32B98ABE700DF92CA /* ViewModels */ = {
			isa = PBXGroup;
			children = (
				547B51DE2B98ABB800DF92CA /* FrameHandler.swift */,
			);
			path = ViewModels;
			sourceTree = "<group>";
		};
		547B51E42B98ABF300DF92CA /* Models */ = {
			isa = PBXGroup;
			children = (
			);
			path = Models;
			sourceTree = "<group>";
		};
/* End PBXGroup section */

/* Begin PBXNativeTarget section */
		547B51C82B98A99200DF92CA /* swift+CameraCapture+Inference */ = {
			isa = PBXNativeTarget;
			buildConfigurationList = 547B51D72B98A99300DF92CA /* Build configuration list for PBXNativeTarget "swift+CameraCapture+Inference" */;
			buildPhases = (
				547B51C52B98A99200DF92CA /* Sources */,
				547B51C62B98A99200DF92CA /* Frameworks */,
				547B51C72B98A99200DF92CA /* Resources */,
			);
			buildRules = (
			);
			dependencies = (
			);
			name = "swift+CameraCapture+Inference";
			productName = "swift+CameraCapture+Inference";
			productReference = 547B51C92B98A99200DF92CA /* swift+CameraCapture+Inference.app */;
			productType = "com.apple.product-type.application";
		};
/* End PBXNativeTarget section */

/* Begin PBXProject section */
		547B51C12B98A99200DF92CA /* Project object */ = {
			isa = PBXProject;
			attributes = {
				BuildIndependentTargetsInParallel = 1;
				LastSwiftUpdateCheck = 1520;
				LastUpgradeCheck = 1520;
				TargetAttributes = {
					547B51C82B98A99200DF92CA = {
						CreatedOnToolsVersion = 15.2;
					};
				};
			};
			buildConfigurationList = 547B51C42B98A99200DF92CA /* Build configuration list for PBXProject "swift+CameraCapture+Inference" */;
			compatibilityVersion = "Xcode 14.0";
			developmentRegion = en;
			hasScannedForEncodings = 0;
			knownRegions = (
				en,
				Base,
			);
			mainGroup = 547B51C02B98A99200DF92CA;
			productRefGroup = 547B51CA2B98A99200DF92CA /* Products */;
			projectDirPath = "";
			projectRoot = "";
			targets = (
				547B51C82B98A99200DF92CA /* swift+CameraCapture+Inference */,
			);
		};
/* End PBXProject section */

/* Begin PBXResourcesBuildPhase section */
		547B51C72B98A99200DF92CA /* Resources */ = {
			isa = PBXResourcesBuildPhase;
			buildActionMask = 2147483647;
			files = (
				547B51D42B98A99300DF92CA /* Preview Assets.xcassets in Resources */,
				547B51D12B98A99300DF92CA /* Assets.xcassets in Resources */,
			);
			runOnlyForDeploymentPostprocessing = 0;
		};
/* End PBXResourcesBuildPhase section */

/* Begin PBXSourcesBuildPhase section */
		547B51C52B98A99200DF92CA /* Sources */ = {
			isa = PBXSourcesBuildPhase;
			buildActionMask = 2147483647;
			files = (
				547B51E12B98ABC500DF92CA /* FrameView.swift in Sources */,
				547B51CF2B98A99200DF92CA /* ContentView.swift in Sources */,
				547B51CD2B98A99200DF92CA /* swift_CameraCapture_InferenceApp.swift in Sources */,
				547B51E62B98AC9F00DF92CA /* CameraView.swift in Sources */,
				547B51DF2B98ABB800DF92CA /* FrameHandler.swift in Sources */,
			);
			runOnlyForDeploymentPostprocessing = 0;
		};
/* End PBXSourcesBuildPhase section */

/* Begin XCBuildConfiguration section */
		547B51D52B98A99300DF92CA /* Debug */ = {
			isa = XCBuildConfiguration;
			buildSettings = {
				ALWAYS_SEARCH_USER_PATHS = NO;
				ASSETCATALOG_COMPILER_GENERATE_SWIFT_ASSET_SYMBOL_EXTENSIONS = YES;
				CLANG_ANALYZER_NONNULL = YES;
				CLANG_ANALYZER_NUMBER_OBJECT_CONVERSION = YES_AGGRESSIVE;
				CLANG_CXX_LANGUAGE_STANDARD = "gnu++20";
				CLANG_ENABLE_MODULES = YES;
				CLANG_ENABLE_OBJC_ARC = YES;
				CLANG_ENABLE_OBJC_WEAK = YES;
				CLANG_WARN_BLOCK_CAPTURE_AUTORELEASING = YES;
				CLANG_WARN_BOOL_CONVERSION = YES;
				CLANG_WARN_COMMA = YES;
				CLANG_WARN_CONSTANT_CONVERSION = YES;
				CLANG_WARN_DEPRECATED_OBJC_IMPLEMENTATIONS = YES;
				CLANG_WARN_DIRECT_OBJC_ISA_USAGE = YES_ERROR;
				CLANG_WARN_DOCUMENTATION_COMMENTS = YES;
				CLANG_WARN_EMPTY_BODY = YES;
				CLANG_WARN_ENUM_CONVERSION = YES;
				CLANG_WARN_INFINITE_RECURSION = YES;
				CLANG_WARN_INT_CONVERSION = YES;
				CLANG_WARN_NON_LITERAL_NULL_CONVERSION = YES;
				CLANG_WARN_OBJC_IMPLICIT_RETAIN_SELF = YES;
				CLANG_WARN_OBJC_LITERAL_CONVERSION = YES;
				CLANG_WARN_OBJC_ROOT_CLASS = YES_ERROR;
				CLANG_WARN_QUOTED_INCLUDE_IN_FRAMEWORK_HEADER = YES;
				CLANG_WARN_RANGE_LOOP_ANALYSIS = YES;
				CLANG_WARN_STRICT_PROTOTYPES = YES;
				CLANG_WARN_SUSPICIOUS_MOVE = YES;
				CLANG_WARN_UNGUARDED_AVAILABILITY = YES_AGGRESSIVE;
				CLANG_WARN_UNREACHABLE_CODE = YES;
				CLANG_WARN__DUPLICATE_METHOD_MATCH = YES;
				COPY_PHASE_STRIP = NO;
				DEBUG_INFORMATION_FORMAT = dwarf;
				ENABLE_STRICT_OBJC_MSGSEND = YES;
				ENABLE_TESTABILITY = YES;
				ENABLE_USER_SCRIPT_SANDBOXING = YES;
				GCC_C_LANGUAGE_STANDARD = gnu17;
				GCC_DYNAMIC_NO_PIC = NO;
				GCC_NO_COMMON_BLOCKS = YES;
				GCC_OPTIMIZATION_LEVEL = 0;
				GCC_PREPROCESSOR_DEFINITIONS = (
					"DEBUG=1",
					"$(inherited)",
				);
				GCC_WARN_64_TO_32_BIT_CONVERSION = YES;
				GCC_WARN_ABOUT_RETURN_TYPE = YES_ERROR;
				GCC_WARN_UNDECLARED_SELECTOR = YES;
				GCC_WARN_UNINITIALIZED_AUTOS = YES_AGGRESSIVE;
				GCC_WARN_UNUSED_FUNCTION = YES;
				GCC_WARN_UNUSED_VARIABLE = YES;
				IPHONEOS_DEPLOYMENT_TARGET = 17.2;
				LOCALIZATION_PREFERS_STRING_CATALOGS = YES;
				MTL_ENABLE_DEBUG_INFO = INCLUDE_SOURCE;
				MTL_FAST_MATH = YES;
				ONLY_ACTIVE_ARCH = YES;
				SDKROOT = iphoneos;
				SWIFT_ACTIVE_COMPILATION_CONDITIONS = "DEBUG $(inherited)";
				SWIFT_OPTIMIZATION_LEVEL = "-Onone";
			};
			name = Debug;
		};
		547B51D62B98A99300DF92CA /* Release */ = {
			isa = XCBuildConfiguration;
			buildSettings = {
				ALWAYS_SEARCH_USER_PATHS = NO;
				ASSETCATALOG_COMPILER_GENERATE_SWIFT_ASSET_SYMBOL_EXTENSIONS = YES;
				CLANG_ANALYZER_NONNULL = YES;
				CLANG_ANALYZER_NUMBER_OBJECT_CONVERSION = YES_AGGRESSIVE;
				CLANG_CXX_LANGUAGE_STANDARD = "gnu++20";
				CLANG_ENABLE_MODULES = YES;
				CLANG_ENABLE_OBJC_ARC = YES;
				CLANG_ENABLE_OBJC_WEAK = YES;
				CLANG_WARN_BLOCK_CAPTURE_AUTORELEASING = YES;
				CLANG_WARN_BOOL_CONVERSION = YES;
				CLANG_WARN_COMMA = YES;
				CLANG_WARN_CONSTANT_CONVERSION = YES;
				CLANG_WARN_DEPRECATED_OBJC_IMPLEMENTATIONS = YES;
				CLANG_WARN_DIRECT_OBJC_ISA_USAGE = YES_ERROR;
				CLANG_WARN_DOCUMENTATION_COMMENTS = YES;
				CLANG_WARN_EMPTY_BODY = YES;
				CLANG_WARN_ENUM_CONVERSION = YES;
				CLANG_WARN_INFINITE_RECURSION = YES;
				CLANG_WARN_INT_CONVERSION = YES;
				CLANG_WARN_NON_LITERAL_NULL_CONVERSION = YES;
				CLANG_WARN_OBJC_IMPLICIT_RETAIN_SELF = YES;
				CLANG_WARN_OBJC_LITERAL_CONVERSION = YES;
				CLANG_WARN_OBJC_ROOT_CLASS = YES_ERROR;
				CLANG_WARN_QUOTED_INCLUDE_IN_FRAMEWORK_HEADER = YES;
				CLANG_WARN_RANGE_LOOP_ANALYSIS = YES;
				CLANG_WARN_STRICT_PROTOTYPES = YES;
				CLANG_WARN_SUSPICIOUS_MOVE = YES;
				CLANG_WARN_UNGUARDED_AVAILABILITY = YES_AGGRESSIVE;
				CLANG_WARN_UNREACHABLE_CODE = YES;
				CLANG_WARN__DUPLICATE_METHOD_MATCH = YES;
				COPY_PHASE_STRIP = NO;
				DEBUG_INFORMATION_FORMAT = "dwarf-with-dsym";
				ENABLE_NS_ASSERTIONS = NO;
				ENABLE_STRICT_OBJC_MSGSEND = YES;
				ENABLE_USER_SCRIPT_SANDBOXING = YES;
				GCC_C_LANGUAGE_STANDARD = gnu17;
				GCC_NO_COMMON_BLOCKS = YES;
				GCC_WARN_64_TO_32_BIT_CONVERSION = YES;
				GCC_WARN_ABOUT_RETURN_TYPE = YES_ERROR;
				GCC_WARN_UNDECLARED_SELECTOR = YES;
				GCC_WARN_UNINITIALIZED_AUTOS = YES_AGGRESSIVE;
				GCC_WARN_UNUSED_FUNCTION = YES;
				GCC_WARN_UNUSED_VARIABLE = YES;
				IPHONEOS_DEPLOYMENT_TARGET = 17.2;
				LOCALIZATION_PREFERS_STRING_CATALOGS = YES;
				MTL_ENABLE_DEBUG_INFO = NO;
				MTL_FAST_MATH = YES;
				SDKROOT = iphoneos;
				SWIFT_COMPILATION_MODE = wholemodule;
				VALIDATE_PRODUCT = YES;
			};
			name = Release;
		};
		547B51D82B98A99300DF92CA /* Debug */ = {
			isa = XCBuildConfiguration;
			buildSettings = {
				ASSETCATALOG_COMPILER_APPICON_NAME = AppIcon;
				ASSETCATALOG_COMPILER_GLOBAL_ACCENT_COLOR_NAME = AccentColor;
				CODE_SIGN_STYLE = Automatic;
				CURRENT_PROJECT_VERSION = 1;
				DEVELOPMENT_ASSET_PATHS = "\"swift+CameraCapture+Inference/Preview Content\"";
				DEVELOPMENT_TEAM = L228K2QMTF;
				ENABLE_PREVIEWS = YES;
				GENERATE_INFOPLIST_FILE = YES;
				INFOPLIST_KEY_NSCameraUsageDescription = "This app uses the camera to capture photos and videos";
				INFOPLIST_KEY_UIApplicationSceneManifest_Generation = YES;
				INFOPLIST_KEY_UIApplicationSupportsIndirectInputEvents = YES;
				INFOPLIST_KEY_UILaunchScreen_Generation = YES;
				INFOPLIST_KEY_UISupportedInterfaceOrientations_iPad = "UIInterfaceOrientationPortrait UIInterfaceOrientationPortraitUpsideDown UIInterfaceOrientationLandscapeLeft UIInterfaceOrientationLandscapeRight";
				INFOPLIST_KEY_UISupportedInterfaceOrientations_iPhone = "UIInterfaceOrientationPortrait UIInterfaceOrientationLandscapeLeft UIInterfaceOrientationLandscapeRight";
				LD_RUNPATH_SEARCH_PATHS = (
					"$(inherited)",
					"@executable_path/Frameworks",
				);
				MARKETING_VERSION = 1.0;
				PRODUCT_BUNDLE_IDENTIFIER = "salvatore.attanasio23-gmail.com.swift-CameraCapture-Inference";
				PRODUCT_NAME = "$(TARGET_NAME)";
				SWIFT_EMIT_LOC_STRINGS = YES;
				SWIFT_VERSION = 5.0;
				TARGETED_DEVICE_FAMILY = "1,2";
			};
			name = Debug;
		};
		547B51D92B98A99300DF92CA /* Release */ = {
			isa = XCBuildConfiguration;
			buildSettings = {
				ASSETCATALOG_COMPILER_APPICON_NAME = AppIcon;
				ASSETCATALOG_COMPILER_GLOBAL_ACCENT_COLOR_NAME = AccentColor;
				CODE_SIGN_STYLE = Automatic;
				CURRENT_PROJECT_VERSION = 1;
				DEVELOPMENT_ASSET_PATHS = "\"swift+CameraCapture+Inference/Preview Content\"";
				DEVELOPMENT_TEAM = L228K2QMTF;
				ENABLE_PREVIEWS = YES;
				GENERATE_INFOPLIST_FILE = YES;
				INFOPLIST_KEY_NSCameraUsageDescription = "This app uses the camera to capture photos and videos";
				INFOPLIST_KEY_UIApplicationSceneManifest_Generation = YES;
				INFOPLIST_KEY_UIApplicationSupportsIndirectInputEvents = YES;
				INFOPLIST_KEY_UILaunchScreen_Generation = YES;
				INFOPLIST_KEY_UISupportedInterfaceOrientations_iPad = "UIInterfaceOrientationPortrait UIInterfaceOrientationPortraitUpsideDown UIInterfaceOrientationLandscapeLeft UIInterfaceOrientationLandscapeRight";
				INFOPLIST_KEY_UISupportedInterfaceOrientations_iPhone = "UIInterfaceOrientationPortrait UIInterfaceOrientationLandscapeLeft UIInterfaceOrientationLandscapeRight";
				LD_RUNPATH_SEARCH_PATHS = (
					"$(inherited)",
					"@executable_path/Frameworks",
				);
				MARKETING_VERSION = 1.0;
				PRODUCT_BUNDLE_IDENTIFIER = "salvatore.attanasio23-gmail.com.swift-CameraCapture-Inference";
				PRODUCT_NAME = "$(TARGET_NAME)";
				SWIFT_EMIT_LOC_STRINGS = YES;
				SWIFT_VERSION = 5.0;
				TARGETED_DEVICE_FAMILY = "1,2";
			};
			name = Release;
		};
/* End XCBuildConfiguration section */

/* Begin XCConfigurationList section */
		547B51C42B98A99200DF92CA /* Build configuration list for PBXProject "swift+CameraCapture+Inference" */ = {
			isa = XCConfigurationList;
			buildConfigurations = (
				547B51D52B98A99300DF92CA /* Debug */,
				547B51D62B98A99300DF92CA /* Release */,
			);
			defaultConfigurationIsVisible = 0;
			defaultConfigurationName = Release;
		};
		547B51D72B98A99300DF92CA /* Build configuration list for PBXNativeTarget "swift+CameraCapture+Inference" */ = {
			isa = XCConfigurationList;
			buildConfigurations = (
				547B51D82B98A99300DF92CA /* Debug */,
				547B51D92B98A99300DF92CA /* Release */,
			);
			defaultConfigurationIsVisible = 0;
			defaultConfigurationName = Release;
		};
/* End XCConfigurationList section */
	};
	rootObject = 547B51C12B98A99200DF92CA /* Project object */;
}
